// !$*UTF8*$!
{
	archiveVersion = 1;
	classes = {
	};
	objectVersion = 46;
	objects = {

/* Begin PBXBuildFile section */
		F456C4431BA70920003EF9B3 /* AppDelegate.swift in Sources */ = {isa = PBXBuildFile; fileRef = F456C4421BA70920003EF9B3 /* AppDelegate.swift */; };
		F456C4451BA70920003EF9B3 /* ViewController.swift in Sources */ = {isa = PBXBuildFile; fileRef = F456C4441BA70920003EF9B3 /* ViewController.swift */; };
		F456C4481BA70920003EF9B3 /* tvOSFirstTest.xcdatamodeld in Sources */ = {isa = PBXBuildFile; fileRef = F456C4461BA70920003EF9B3 /* tvOSFirstTest.xcdatamodeld */; };
		F456C44B1BA70920003EF9B3 /* Main.storyboard in Resources */ = {isa = PBXBuildFile; fileRef = F456C4491BA70920003EF9B3 /* Main.storyboard */; };
		F456C44D1BA70920003EF9B3 /* Assets.xcassets in Resources */ = {isa = PBXBuildFile; fileRef = F456C44C1BA70920003EF9B3 /* Assets.xcassets */; };
		F456C4581BA70920003EF9B3 /* tvOSFirstTestTests.swift in Sources */ = {isa = PBXBuildFile; fileRef = F456C4571BA70920003EF9B3 /* tvOSFirstTestTests.swift */; };
/* End PBXBuildFile section */

/* Begin PBXContainerItemProxy section */
		F456C4541BA70920003EF9B3 /* PBXContainerItemProxy */ = {
			isa = PBXContainerItemProxy;
			containerPortal = F456C4371BA70920003EF9B3 /* Project object */;
			proxyType = 1;
			remoteGlobalIDString = F456C43E1BA70920003EF9B3;
			remoteInfo = tvOSFirstTest;
		};
/* End PBXContainerItemProxy section */

/* Begin PBXFileReference section */
		F456C43F1BA70920003EF9B3 /* tvOSFirstTest.app */ = {isa = PBXFileReference; explicitFileType = wrapper.application; includeInIndex = 0; path = tvOSFirstTest.app; sourceTree = BUILT_PRODUCTS_DIR; };
		F456C4421BA70920003EF9B3 /* AppDelegate.swift */ = {isa = PBXFileReference; lastKnownFileType = sourcecode.swift; path = AppDelegate.swift; sourceTree = "<group>"; };
		F456C4441BA70920003EF9B3 /* ViewController.swift */ = {isa = PBXFileReference; lastKnownFileType = sourcecode.swift; path = ViewController.swift; sourceTree = "<group>"; };
		F456C4471BA70920003EF9B3 /* tvOSFirstTest.xcdatamodel */ = {isa = PBXFileReference; lastKnownFileType = wrapper.xcdatamodel; path = tvOSFirstTest.xcdatamodel; sourceTree = "<group>"; };
		F456C44A1BA70920003EF9B3 /* Base */ = {isa = PBXFileReference; lastKnownFileType = file.storyboard; name = Base; path = Base.lproj/Main.storyboard; sourceTree = "<group>"; };
		F456C44C1BA70920003EF9B3 /* Assets.xcassets */ = {isa = PBXFileReference; lastKnownFileType = folder.assetcatalog; path = Assets.xcassets; sourceTree = "<group>"; };
		F456C44E1BA70920003EF9B3 /* Info.plist */ = {isa = PBXFileReference; lastKnownFileType = text.plist.xml; path = Info.plist; sourceTree = "<group>"; };
		F456C4531BA70920003EF9B3 /* tvOSFirstTestTests.xctest */ = {isa = PBXFileReference; explicitFileType = wrapper.cfbundle; includeInIndex = 0; path = tvOSFirstTestTests.xctest; sourceTree = BUILT_PRODUCTS_DIR; };
		F456C4571BA70920003EF9B3 /* tvOSFirstTestTests.swift */ = {isa = PBXFileReference; lastKnownFileType = sourcecode.swift; path = tvOSFirstTestTests.swift; sourceTree = "<group>"; };
		F456C4591BA70920003EF9B3 /* Info.plist */ = {isa = PBXFileReference; lastKnownFileType = text.plist.xml; path = Info.plist; sourceTree = "<group>"; };
/* End PBXFileReference section */

/* Begin PBXFrameworksBuildPhase section */
		F456C43C1BA70920003EF9B3 /* Frameworks */ = {
			isa = PBXFrameworksBuildPhase;
			buildActionMask = 2147483647;
			files = (
			);
			runOnlyForDeploymentPostprocessing = 0;
		};
		F456C4501BA70920003EF9B3 /* Frameworks */ = {
			isa = PBXFrameworksBuildPhase;
			buildActionMask = 2147483647;
			files = (
			);
			runOnlyForDeploymentPostprocessing = 0;
		};
/* End PBXFrameworksBuildPhase section */

/* Begin PBXGroup section */
		F456C4361BA70920003EF9B3 = {
			isa = PBXGroup;
			children = (
				F456C4411BA70920003EF9B3 /* tvOSFirstTest */,
				F456C4561BA70920003EF9B3 /* tvOSFirstTestTests */,
				F456C4401BA70920003EF9B3 /* Products */,
			);
			sourceTree = "<group>";
		};
		F456C4401BA70920003EF9B3 /* Products */ = {
			isa = PBXGroup;
			children = (
				F456C43F1BA70920003EF9B3 /* tvOSFirstTest.app */,
				F456C4531BA70920003EF9B3 /* tvOSFirstTestTests.xctest */,
			);
			name = Products;
			sourceTree = "<group>";
		};
		F456C4411BA70920003EF9B3 /* tvOSFirstTest */ = {
			isa = PBXGroup;
			children = (
				F456C4421BA70920003EF9B3 /* AppDelegate.swift */,
				F456C4441BA70920003EF9B3 /* ViewController.swift */,
				F456C4491BA70920003EF9B3 /* Main.storyboard */,
				F456C44C1BA70920003EF9B3 /* Assets.xcassets */,
				F456C44E1BA70920003EF9B3 /* Info.plist */,
				F456C4461BA70920003EF9B3 /* tvOSFirstTest.xcdatamodeld */,
			);
			path = tvOSFirstTest;
			sourceTree = "<group>";
		};
		F456C4561BA70920003EF9B3 /* tvOSFirstTestTests */ = {
			isa = PBXGroup;
			children = (
				F456C4571BA70920003EF9B3 /* tvOSFirstTestTests.swift */,
				F456C4591BA70920003EF9B3 /* Info.plist */,
			);
			path = tvOSFirstTestTests;
			sourceTree = "<group>";
		};
/* End PBXGroup section */

/* Begin PBXNativeTarget section */
		F456C43E1BA70920003EF9B3 /* tvOSFirstTest */ = {
			isa = PBXNativeTarget;
			buildConfigurationList = F456C45C1BA70920003EF9B3 /* Build configuration list for PBXNativeTarget "tvOSFirstTest" */;
			buildPhases = (
				F456C43B1BA70920003EF9B3 /* Sources */,
				F456C43C1BA70920003EF9B3 /* Frameworks */,
				F456C43D1BA70920003EF9B3 /* Resources */,
			);
			buildRules = (
			);
			dependencies = (
			);
			name = tvOSFirstTest;
			productName = tvOSFirstTest;
			productReference = F456C43F1BA70920003EF9B3 /* tvOSFirstTest.app */;
			productType = "com.apple.product-type.application";
		};
		F456C4521BA70920003EF9B3 /* tvOSFirstTestTests */ = {
			isa = PBXNativeTarget;
			buildConfigurationList = F456C45F1BA70920003EF9B3 /* Build configuration list for PBXNativeTarget "tvOSFirstTestTests" */;
			buildPhases = (
				F456C44F1BA70920003EF9B3 /* Sources */,
				F456C4501BA70920003EF9B3 /* Frameworks */,
				F456C4511BA70920003EF9B3 /* Resources */,
			);
			buildRules = (
			);
			dependencies = (
				F456C4551BA70920003EF9B3 /* PBXTargetDependency */,
			);
			name = tvOSFirstTestTests;
			productName = tvOSFirstTestTests;
			productReference = F456C4531BA70920003EF9B3 /* tvOSFirstTestTests.xctest */;
			productType = "com.apple.product-type.bundle.unit-test";
		};
/* End PBXNativeTarget section */

/* Begin PBXProject section */
		F456C4371BA70920003EF9B3 /* Project object */ = {
			isa = PBXProject;
			attributes = {
				LastUpgradeCheck = 0710;
				ORGANIZATIONNAME = "Jahia Solutions";
				TargetAttributes = {
					F456C43E1BA70920003EF9B3 = {
						CreatedOnToolsVersion = 7.1;
					};
					F456C4521BA70920003EF9B3 = {
						CreatedOnToolsVersion = 7.1;
						TestTargetID = F456C43E1BA70920003EF9B3;
					};
				};
			};
			buildConfigurationList = F456C43A1BA70920003EF9B3 /* Build configuration list for PBXProject "tvOSFirstTest" */;
			compatibilityVersion = "Xcode 3.2";
			developmentRegion = English;
			hasScannedForEncodings = 0;
			knownRegions = (
				en,
				Base,
			);
			mainGroup = F456C4361BA70920003EF9B3;
			productRefGroup = F456C4401BA70920003EF9B3 /* Products */;
			projectDirPath = "";
			projectRoot = "";
			targets = (
				F456C43E1BA70920003EF9B3 /* tvOSFirstTest */,
				F456C4521BA70920003EF9B3 /* tvOSFirstTestTests */,
			);
		};
/* End PBXProject section */

/* Begin PBXResourcesBuildPhase section */
		F456C43D1BA70920003EF9B3 /* Resources */ = {
			isa = PBXResourcesBuildPhase;
			buildActionMask = 2147483647;
			files = (
				F456C44D1BA70920003EF9B3 /* Assets.xcassets in Resources */,
				F456C44B1BA70920003EF9B3 /* Main.storyboard in Resources */,
			);
			runOnlyForDeploymentPostprocessing = 0;
		};
		F456C4511BA70920003EF9B3 /* Resources */ = {
			isa = PBXResourcesBuildPhase;
			buildActionMask = 2147483647;
			files = (
			);
			runOnlyForDeploymentPostprocessing = 0;
		};
/* End PBXResourcesBuildPhase section */

/* Begin PBXSourcesBuildPhase section */
		F456C43B1BA70920003EF9B3 /* Sources */ = {
			isa = PBXSourcesBuildPhase;
			buildActionMask = 2147483647;
			files = (
				F456C4481BA70920003EF9B3 /* tvOSFirstTest.xcdatamodeld in Sources */,
				F456C4451BA70920003EF9B3 /* ViewController.swift in Sources */,
				F456C4431BA70920003EF9B3 /* AppDelegate.swift in Sources */,
			);
			runOnlyForDeploymentPostprocessing = 0;
		};
		F456C44F1BA70920003EF9B3 /* Sources */ = {
			isa = PBXSourcesBuildPhase;
			buildActionMask = 2147483647;
			files = (
				F456C4581BA70920003EF9B3 /* tvOSFirstTestTests.swift in Sources */,
			);
			runOnlyForDeploymentPostprocessing = 0;
		};
/* End PBXSourcesBuildPhase section */

/* Begin PBXTargetDependency section */
		F456C4551BA70920003EF9B3 /* PBXTargetDependency */ = {
			isa = PBXTargetDependency;
			target = F456C43E1BA70920003EF9B3 /* tvOSFirstTest */;
			targetProxy = F456C4541BA70920003EF9B3 /* PBXContainerItemProxy */;
		};
/* End PBXTargetDependency section */

/* Begin PBXVariantGroup section */
		F456C4491BA70920003EF9B3 /* Main.storyboard */ = {
			isa = PBXVariantGroup;
			children = (
				F456C44A1BA70920003EF9B3 /* Base */,
			);
			name = Main.storyboard;
			sourceTree = "<group>";
		};
/* End PBXVariantGroup section */

/* Begin XCBuildConfiguration section */
		F456C45A1BA70920003EF9B3 /* Debug */ = {
			isa = XCBuildConfiguration;
			buildSettings = {
				ALWAYS_SEARCH_USER_PATHS = NO;
				CLANG_CXX_LANGUAGE_STANDARD = "gnu++0x";
				CLANG_CXX_LIBRARY = "libc++";
				CLANG_ENABLE_MODULES = YES;
				CLANG_ENABLE_OBJC_ARC = YES;
				CLANG_WARN_BOOL_CONVERSION = YES;
				CLANG_WARN_CONSTANT_CONVERSION = YES;
				CLANG_WARN_DIRECT_OBJC_ISA_USAGE = YES_ERROR;
				CLANG_WARN_EMPTY_BODY = YES;
				CLANG_WARN_ENUM_CONVERSION = YES;
				CLANG_WARN_INT_CONVERSION = YES;
				CLANG_WARN_OBJC_ROOT_CLASS = YES_ERROR;
				CLANG_WARN_UNREACHABLE_CODE = YES;
				CLANG_WARN__DUPLICATE_METHOD_MATCH = YES;
				COPY_PHASE_STRIP = NO;
				DEBUG_INFORMATION_FORMAT = dwarf;
				ENABLE_STRICT_OBJC_MSGSEND = YES;
				ENABLE_TESTABILITY = YES;
				GCC_C_LANGUAGE_STANDARD = gnu99;
				GCC_DYNAMIC_NO_PIC = NO;
				GCC_NO_COMMON_BLOCKS = YES;
				GCC_OPTIMIZATION_LEVEL = 0;
				GCC_PREPROCESSOR_DEFINITIONS = (
					"DEBUG=1",
					"$(inherited)",
				);
				GCC_WARN_64_TO_32_BIT_CONVERSION = YES;
				GCC_WARN_ABOUT_RETURN_TYPE = YES_ERROR;
				GCC_WARN_UNDECLARED_SELECTOR = YES;
				GCC_WARN_UNINITIALIZED_AUTOS = YES_AGGRESSIVE;
				GCC_WARN_UNUSED_FUNCTION = YES;
				GCC_WARN_UNUSED_VARIABLE = YES;
				MTL_ENABLE_DEBUG_INFO = YES;
				ONLY_ACTIVE_ARCH = YES;
				SDKROOT = appletvos;
				SWIFT_OPTIMIZATION_LEVEL = "-Onone";
				TARGETED_DEVICE_FAMILY = 3;
				TVOS_DEPLOYMENT_TARGET = 9.0;
			};
			name = Debug;
		};
		F456C45B1BA70920003EF9B3 /* Release */ = {
			isa = XCBuildConfiguration;
			buildSettings = {
				ALWAYS_SEARCH_USER_PATHS = NO;
				CLANG_CXX_LANGUAGE_STANDARD = "gnu++0x";
				CLANG_CXX_LIBRARY = "libc++";
				CLANG_ENABLE_MODULES = YES;
				CLANG_ENABLE_OBJC_ARC = YES;
				CLANG_WARN_BOOL_CONVERSION = YES;
				CLANG_WARN_CONSTANT_CONVERSION = YES;
				CLANG_WARN_DIRECT_OBJC_ISA_USAGE = YES_ERROR;
				CLANG_WARN_EMPTY_BODY = YES;
				CLANG_WARN_ENUM_CONVERSION = YES;
				CLANG_WARN_INT_CONVERSION = YES;
				CLANG_WARN_OBJC_ROOT_CLASS = YES_ERROR;
				CLANG_WARN_UNREACHABLE_CODE = YES;
				CLANG_WARN__DUPLICATE_METHOD_MATCH = YES;
				COPY_PHASE_STRIP = NO;
				DEBUG_INFORMATION_FORMAT = "dwarf-with-dsym";
				ENABLE_NS_ASSERTIONS = NO;
				ENABLE_STRICT_OBJC_MSGSEND = YES;
				GCC_C_LANGUAGE_STANDARD = gnu99;
				GCC_NO_COMMON_BLOCKS = YES;
				GCC_WARN_64_TO_32_BIT_CONVERSION = YES;
				GCC_WARN_ABOUT_RETURN_TYPE = YES_ERROR;
				GCC_WARN_UNDECLARED_SELECTOR = YES;
				GCC_WARN_UNINITIALIZED_AUTOS = YES_AGGRESSIVE;
				GCC_WARN_UNUSED_FUNCTION = YES;
				GCC_WARN_UNUSED_VARIABLE = YES;
				MTL_ENABLE_DEBUG_INFO = NO;
				SDKROOT = appletvos;
				TARGETED_DEVICE_FAMILY = 3;
				TVOS_DEPLOYMENT_TARGET = 9.0;
				VALIDATE_PRODUCT = YES;
			};
			name = Release;
		};
		F456C45D1BA70920003EF9B3 /* Debug */ = {
			isa = XCBuildConfiguration;
			buildSettings = {
				ASSETCATALOG_COMPILER_APPICON_NAME = "App Icon & Top Shelf Image";
				ASSETCATALOG_COMPILER_LAUNCHIMAGE_NAME = LaunchImage;
				INFOPLIST_FILE = tvOSFirstTest/Info.plist;
				LD_RUNPATH_SEARCH_PATHS = "$(inherited) @executable_path/Frameworks";
				PRODUCT_BUNDLE_IDENTIFIER = com.jahia.demos.tvos.tvOSFirstTest;
				PRODUCT_NAME = "$(TARGET_NAME)";
			};
			name = Debug;
		};
		F456C45E1BA70920003EF9B3 /* Release */ = {
			isa = XCBuildConfiguration;
			buildSettings = {
				ASSETCATALOG_COMPILER_APPICON_NAME = "App Icon & Top Shelf Image";
				ASSETCATALOG_COMPILER_LAUNCHIMAGE_NAME = LaunchImage;
				INFOPLIST_FILE = tvOSFirstTest/Info.plist;
				LD_RUNPATH_SEARCH_PATHS = "$(inherited) @executable_path/Frameworks";
				PRODUCT_BUNDLE_IDENTIFIER = com.jahia.demos.tvos.tvOSFirstTest;
				PRODUCT_NAME = "$(TARGET_NAME)";
			};
			name = Release;
		};
		F456C4601BA70920003EF9B3 /* Debug */ = {
			isa = XCBuildConfiguration;
			buildSettings = {
				BUNDLE_LOADER = "$(TEST_HOST)";
				INFOPLIST_FILE = tvOSFirstTestTests/Info.plist;
				LD_RUNPATH_SEARCH_PATHS = "$(inherited) @executable_path/Frameworks @loader_path/Frameworks";
				PRODUCT_BUNDLE_IDENTIFIER = com.jahia.demos.tvos.tvOSFirstTestTests;
				PRODUCT_NAME = "$(TARGET_NAME)";
				TEST_HOST = "$(BUILT_PRODUCTS_DIR)/tvOSFirstTest.app/tvOSFirstTest";
			};
			name = Debug;
		};
		F456C4611BA70920003EF9B3 /* Release */ = {
			isa = XCBuildConfiguration;
			buildSettings = {
				BUNDLE_LOADER = "$(TEST_HOST)";
				INFOPLIST_FILE = tvOSFirstTestTests/Info.plist;
				LD_RUNPATH_SEARCH_PATHS = "$(inherited) @executable_path/Frameworks @loader_path/Frameworks";
				PRODUCT_BUNDLE_IDENTIFIER = com.jahia.demos.tvos.tvOSFirstTestTests;
				PRODUCT_NAME = "$(TARGET_NAME)";
				TEST_HOST = "$(BUILT_PRODUCTS_DIR)/tvOSFirstTest.app/tvOSFirstTest";
			};
			name = Release;
		};
/* End XCBuildConfiguration section */

/* Begin XCConfigurationList section */
		F456C43A1BA70920003EF9B3 /* Build configuration list for PBXProject "tvOSFirstTest" */ = {
			isa = XCConfigurationList;
			buildConfigurations = (
				F456C45A1BA70920003EF9B3 /* Debug */,
				F456C45B1BA70920003EF9B3 /* Release */,
			);
			defaultConfigurationIsVisible = 0;
			defaultConfigurationName = Release;
		};
		F456C45C1BA70920003EF9B3 /* Build configuration list for PBXNativeTarget "tvOSFirstTest" */ = {
			isa = XCConfigurationList;
			buildConfigurations = (
				F456C45D1BA70920003EF9B3 /* Debug */,
				F456C45E1BA70920003EF9B3 /* Release */,
			);
			defaultConfigurationIsVisible = 0;
		};
		F456C45F1BA70920003EF9B3 /* Build configuration list for PBXNativeTarget "tvOSFirstTestTests" */ = {
			isa = XCConfigurationList;
			buildConfigurations = (
				F456C4601BA70920003EF9B3 /* Debug */,
				F456C4611BA70920003EF9B3 /* Release */,
			);
			defaultConfigurationIsVisible = 0;
		};
/* End XCConfigurationList section */

/* Begin XCVersionGroup section */
		F456C4461BA70920003EF9B3 /* tvOSFirstTest.xcdatamodeld */ = {
			isa = XCVersionGroup;
			children = (
				F456C4471BA70920003EF9B3 /* tvOSFirstTest.xcdatamodel */,
			);
			currentVersion = F456C4471BA70920003EF9B3 /* tvOSFirstTest.xcdatamodel */;
			path = tvOSFirstTest.xcdatamodeld;
			sourceTree = "<group>";
			versionGroupType = wrapper.xcdatamodel;
		};
/* End XCVersionGroup section */
	};
	rootObject = F456C4371BA70920003EF9B3 /* Project object */;
}
